// !$*UTF8*$!
{
	archiveVersion = 1;
	classes = {
	};
	objectVersion = 50;
	objects = {

/* Begin PBXBuildFile section */
		BB160F0026E558D900271013 /* RatingsView.swift in Sources */ = {isa = PBXBuildFile; fileRef = BB160EFF26E558D900271013 /* RatingsView.swift */; };
		BB66FC4626E2B4940090668B /* EditViewController.swift in Sources */ = {isa = PBXBuildFile; fileRef = BB66FC4526E2B4940090668B /* EditViewController.swift */; };
		BB91507F26E28BA400CC5A30 /* Book.swift in Sources */ = {isa = PBXBuildFile; fileRef = BB91507E26E28BA400CC5A30 /* Book.swift */; };
		BB91508126E2A1A100CC5A30 /* BooksTableViewCell.swift in Sources */ = {isa = PBXBuildFile; fileRef = BB91508026E2A1A100CC5A30 /* BooksTableViewCell.swift */; };
		BBF40B5926E28A3F003D1087 /* AppDelegate.swift in Sources */ = {isa = PBXBuildFile; fileRef = BBF40B5826E28A3F003D1087 /* AppDelegate.swift */; };
		BBF40B5B26E28A3F003D1087 /* ViewController.swift in Sources */ = {isa = PBXBuildFile; fileRef = BBF40B5A26E28A3F003D1087 /* ViewController.swift */; };
		BBF40B5E26E28A3F003D1087 /* Main.storyboard in Resources */ = {isa = PBXBuildFile; fileRef = BBF40B5C26E28A3F003D1087 /* Main.storyboard */; };
		BBF40B6026E28A41003D1087 /* Assets.xcassets in Resources */ = {isa = PBXBuildFile; fileRef = BBF40B5F26E28A41003D1087 /* Assets.xcassets */; };
		BBF40B6326E28A41003D1087 /* LaunchScreen.storyboard in Resources */ = {isa = PBXBuildFile; fileRef = BBF40B6126E28A41003D1087 /* LaunchScreen.storyboard */; };
/* End PBXBuildFile section */

/* Begin PBXFileReference section */
		BB160EFF26E558D900271013 /* RatingsView.swift */ = {isa = PBXFileReference; fileEncoding = 4; lastKnownFileType = sourcecode.swift; path = RatingsView.swift; sourceTree = "<group>"; };
		BB66FC4526E2B4940090668B /* EditViewController.swift */ = {isa = PBXFileReference; lastKnownFileType = sourcecode.swift; path = EditViewController.swift; sourceTree = "<group>"; };
		BB91507E26E28BA400CC5A30 /* Book.swift */ = {isa = PBXFileReference; lastKnownFileType = sourcecode.swift; path = Book.swift; sourceTree = "<group>"; };
		BB91508026E2A1A100CC5A30 /* BooksTableViewCell.swift */ = {isa = PBXFileReference; lastKnownFileType = sourcecode.swift; path = BooksTableViewCell.swift; sourceTree = "<group>"; };
		BBF40B5526E28A3F003D1087 /* My Books.app */ = {isa = PBXFileReference; explicitFileType = wrapper.application; includeInIndex = 0; path = "My Books.app"; sourceTree = BUILT_PRODUCTS_DIR; };
		BBF40B5826E28A3F003D1087 /* AppDelegate.swift */ = {isa = PBXFileReference; lastKnownFileType = sourcecode.swift; path = AppDelegate.swift; sourceTree = "<group>"; };
		BBF40B5A26E28A3F003D1087 /* ViewController.swift */ = {isa = PBXFileReference; lastKnownFileType = sourcecode.swift; path = ViewController.swift; sourceTree = "<group>"; };
		BBF40B5D26E28A3F003D1087 /* Base */ = {isa = PBXFileReference; lastKnownFileType = file.storyboard; name = Base; path = Base.lproj/Main.storyboard; sourceTree = "<group>"; };
		BBF40B5F26E28A41003D1087 /* Assets.xcassets */ = {isa = PBXFileReference; lastKnownFileType = folder.assetcatalog; path = Assets.xcassets; sourceTree = "<group>"; };
		BBF40B6226E28A41003D1087 /* Base */ = {isa = PBXFileReference; lastKnownFileType = file.storyboard; name = Base; path = Base.lproj/LaunchScreen.storyboard; sourceTree = "<group>"; };
		BBF40B6426E28A41003D1087 /* Info.plist */ = {isa = PBXFileReference; lastKnownFileType = text.plist.xml; path = Info.plist; sourceTree = "<group>"; };
/* End PBXFileReference section */

/* Begin PBXFrameworksBuildPhase section */
		BBF40B5226E28A3E003D1087 /* Frameworks */ = {
			isa = PBXFrameworksBuildPhase;
			buildActionMask = 2147483647;
			files = (
			);
			runOnlyForDeploymentPostprocessing = 0;
		};
/* End PBXFrameworksBuildPhase section */

/* Begin PBXGroup section */
		BBF40B4C26E28A3E003D1087 = {
			isa = PBXGroup;
			children = (
				BBF40B5726E28A3F003D1087 /* My Books */,
				BBF40B5626E28A3F003D1087 /* Products */,
			);
			sourceTree = "<group>";
		};
		BBF40B5626E28A3F003D1087 /* Products */ = {
			isa = PBXGroup;
			children = (
				BBF40B5526E28A3F003D1087 /* My Books.app */,
			);
			name = Products;
			sourceTree = "<group>";
		};
		BBF40B5726E28A3F003D1087 /* My Books */ = {
			isa = PBXGroup;
			children = (
				BBF40B5C26E28A3F003D1087 /* Main.storyboard */,
				BBF40B5A26E28A3F003D1087 /* ViewController.swift */,
				BB91508026E2A1A100CC5A30 /* BooksTableViewCell.swift */,
				BB66FC4526E2B4940090668B /* EditViewController.swift */,
				BB91507E26E28BA400CC5A30 /* Book.swift */,
				BBF40B5F26E28A41003D1087 /* Assets.xcassets */,
				BB160EFF26E558D900271013 /* RatingsView.swift */,
				BBF40B6126E28A41003D1087 /* LaunchScreen.storyboard */,
				BBF40B5826E28A3F003D1087 /* AppDelegate.swift */,
				BBF40B6426E28A41003D1087 /* Info.plist */,
			);
			path = "My Books";
			sourceTree = "<group>";
		};
/* End PBXGroup section */

/* Begin PBXNativeTarget section */
		BBF40B5426E28A3E003D1087 /* My Books */ = {
			isa = PBXNativeTarget;
			buildConfigurationList = BBF40B6726E28A41003D1087 /* Build configuration list for PBXNativeTarget "My Books" */;
			buildPhases = (
				BBF40B5126E28A3E003D1087 /* Sources */,
				BBF40B5226E28A3E003D1087 /* Frameworks */,
				BBF40B5326E28A3E003D1087 /* Resources */,
			);
			buildRules = (
			);
			dependencies = (
			);
			name = "My Books";
			productName = "My Books";
			productReference = BBF40B5526E28A3F003D1087 /* My Books.app */;
			productType = "com.apple.product-type.application";
		};
/* End PBXNativeTarget section */

/* Begin PBXProject section */
		BBF40B4D26E28A3E003D1087 /* Project object */ = {
			isa = PBXProject;
			attributes = {
				LastSwiftUpdateCheck = 1010;
				LastUpgradeCheck = 1250;
				ORGANIZATIONNAME = "Stewart Lynch";
				TargetAttributes = {
					BBF40B5426E28A3E003D1087 = {
						CreatedOnToolsVersion = 10.1;
						LastSwiftMigration = 1250;
					};
				};
			};
			buildConfigurationList = BBF40B5026E28A3E003D1087 /* Build configuration list for PBXProject "My Books" */;
			compatibilityVersion = "Xcode 9.3";
			developmentRegion = en;
			hasScannedForEncodings = 0;
			knownRegions = (
				en,
				Base,
			);
			mainGroup = BBF40B4C26E28A3E003D1087;
			productRefGroup = BBF40B5626E28A3F003D1087 /* Products */;
			projectDirPath = "";
			projectRoot = "";
			targets = (
				BBF40B5426E28A3E003D1087 /* My Books */,
			);
		};
/* End PBXProject section */

/* Begin PBXResourcesBuildPhase section */
		BBF40B5326E28A3E003D1087 /* Resources */ = {
			isa = PBXResourcesBuildPhase;
			buildActionMask = 2147483647;
			files = (
				BBF40B6326E28A41003D1087 /* LaunchScreen.storyboard in Resources */,
				BBF40B6026E28A41003D1087 /* Assets.xcassets in Resources */,
				BBF40B5E26E28A3F003D1087 /* Main.storyboard in Resources */,
			);
			runOnlyForDeploymentPostprocessing = 0;
		};
/* End PBXResourcesBuildPhase section */

/* Begin PBXSourcesBuildPhase section */
		BBF40B5126E28A3E003D1087 /* Sources */ = {
			isa = PBXSourcesBuildPhase;
			buildActionMask = 2147483647;
			files = (
				BB66FC4626E2B4940090668B /* EditViewController.swift in Sources */,
				BB160F0026E558D900271013 /* RatingsView.swift in Sources */,
				BB91508126E2A1A100CC5A30 /* BooksTableViewCell.swift in Sources */,
				BBF40B5B26E28A3F003D1087 /* ViewController.swift in Sources */,
				BBF40B5926E28A3F003D1087 /* AppDelegate.swift in Sources */,
				BB91507F26E28BA400CC5A30 /* Book.swift in Sources */,
			);
			runOnlyForDeploymentPostprocessing = 0;
		};
/* End PBXSourcesBuildPhase section */

/* Begin PBXVariantGroup section */
		BBF40B5C26E28A3F003D1087 /* Main.storyboard */ = {
			isa = PBXVariantGroup;
			children = (
				BBF40B5D26E28A3F003D1087 /* Base */,
			);
			name = Main.storyboard;
			sourceTree = "<group>";
		};
		BBF40B6126E28A41003D1087 /* LaunchScreen.storyboard */ = {
			isa = PBXVariantGroup;
			children = (
				BBF40B6226E28A41003D1087 /* Base */,
			);
			name = LaunchScreen.storyboard;
			sourceTree = "<group>";
		};
/* End PBXVariantGroup section */

/* Begin XCBuildConfiguration section */
		BBF40B6526E28A41003D1087 /* Debug */ = {
			isa = XCBuildConfiguration;
			buildSettings = {
				ALWAYS_SEARCH_USER_PATHS = NO;
				CLANG_ANALYZER_NONNULL = YES;
				CLANG_ANALYZER_NUMBER_OBJECT_CONVERSION = YES_AGGRESSIVE;
				CLANG_CXX_LANGUAGE_STANDARD = "gnu++14";
				CLANG_CXX_LIBRARY = "libc++";
				CLANG_ENABLE_MODULES = YES;
				CLANG_ENABLE_OBJC_ARC = YES;
				CLANG_ENABLE_OBJC_WEAK = YES;
				CLANG_WARN_BLOCK_CAPTURE_AUTORELEASING = YES;
				CLANG_WARN_BOOL_CONVERSION = YES;
				CLANG_WARN_COMMA = YES;
				CLANG_WARN_CONSTANT_CONVERSION = YES;
				CLANG_WARN_DEPRECATED_OBJC_IMPLEMENTATIONS = YES;
				CLANG_WARN_DIRECT_OBJC_ISA_USAGE = YES_ERROR;
				CLANG_WARN_DOCUMENTATION_COMMENTS = YES;
				CLANG_WARN_EMPTY_BODY = YES;
				CLANG_WARN_ENUM_CONVERSION = YES;
				CLANG_WARN_INFINITE_RECURSION = YES;
				CLANG_WARN_INT_CONVERSION = YES;
				CLANG_WARN_NON_LITERAL_NULL_CONVERSION = YES;
				CLANG_WARN_OBJC_IMPLICIT_RETAIN_SELF = YES;
				CLANG_WARN_OBJC_LITERAL_CONVERSION = YES;
				CLANG_WARN_OBJC_ROOT_CLASS = YES_ERROR;
				CLANG_WARN_QUOTED_INCLUDE_IN_FRAMEWORK_HEADER = YES;
				CLANG_WARN_RANGE_LOOP_ANALYSIS = YES;
				CLANG_WARN_STRICT_PROTOTYPES = YES;
				CLANG_WARN_SUSPICIOUS_MOVE = YES;
				CLANG_WARN_UNGUARDED_AVAILABILITY = YES_AGGRESSIVE;
				CLANG_WARN_UNREACHABLE_CODE = YES;
				CLANG_WARN__DUPLICATE_METHOD_MATCH = YES;
				CODE_SIGN_IDENTITY = "iPhone Developer";
				COPY_PHASE_STRIP = NO;
				DEBUG_INFORMATION_FORMAT = dwarf;
				ENABLE_STRICT_OBJC_MSGSEND = YES;
				ENABLE_TESTABILITY = YES;
				GCC_C_LANGUAGE_STANDARD = gnu11;
				GCC_DYNAMIC_NO_PIC = NO;
				GCC_NO_COMMON_BLOCKS = YES;
				GCC_OPTIMIZATION_LEVEL = 0;
				GCC_PREPROCESSOR_DEFINITIONS = (
					"DEBUG=1",
					"$(inherited)",
				);
				GCC_WARN_64_TO_32_BIT_CONVERSION = YES;
				GCC_WARN_ABOUT_RETURN_TYPE = YES_ERROR;
				GCC_WARN_UNDECLARED_SELECTOR = YES;
				GCC_WARN_UNINITIALIZED_AUTOS = YES_AGGRESSIVE;
				GCC_WARN_UNUSED_FUNCTION = YES;
				GCC_WARN_UNUSED_VARIABLE = YES;
				IPHONEOS_DEPLOYMENT_TARGET = 13.0;
				MTL_ENABLE_DEBUG_INFO = INCLUDE_SOURCE;
				MTL_FAST_MATH = YES;
				ONLY_ACTIVE_ARCH = YES;
				SDKROOT = iphoneos;
				SWIFT_ACTIVE_COMPILATION_CONDITIONS = DEBUG;
				SWIFT_OPTIMIZATION_LEVEL = "-Onone";
			};
			name = Debug;
		};
		BBF40B6626E28A41003D1087 /* Release */ = {
			isa = XCBuildConfiguration;
			buildSettings = {
				ALWAYS_SEARCH_USER_PATHS = NO;
				CLANG_ANALYZER_NONNULL = YES;
				CLANG_ANALYZER_NUMBER_OBJECT_CONVERSION = YES_AGGRESSIVE;
				CLANG_CXX_LANGUAGE_STANDARD = "gnu++14";
				CLANG_CXX_LIBRARY = "libc++";
				CLANG_ENABLE_MODULES = YES;
				CLANG_ENABLE_OBJC_ARC = YES;
				CLANG_ENABLE_OBJC_WEAK = YES;
				CLANG_WARN_BLOCK_CAPTURE_AUTORELEASING = YES;
				CLANG_WARN_BOOL_CONVERSION = YES;
				CLANG_WARN_COMMA = YES;
				CLANG_WARN_CONSTANT_CONVERSION = YES;
				CLANG_WARN_DEPRECATED_OBJC_IMPLEMENTATIONS = YES;
				CLANG_WARN_DIRECT_OBJC_ISA_USAGE = YES_ERROR;
				CLANG_WARN_DOCUMENTATION_COMMENTS = YES;
				CLANG_WARN_EMPTY_BODY = YES;
				CLANG_WARN_ENUM_CONVERSION = YES;
				CLANG_WARN_INFINITE_RECURSION = YES;
				CLANG_WARN_INT_CONVERSION = YES;
				CLANG_WARN_NON_LITERAL_NULL_CONVERSION = YES;
				CLANG_WARN_OBJC_IMPLICIT_RETAIN_SELF = YES;
				CLANG_WARN_OBJC_LITERAL_CONVERSION = YES;
				CLANG_WARN_OBJC_ROOT_CLASS = YES_ERROR;
				CLANG_WARN_QUOTED_INCLUDE_IN_FRAMEWORK_HEADER = YES;
				CLANG_WARN_RANGE_LOOP_ANALYSIS = YES;
				CLANG_WARN_STRICT_PROTOTYPES = YES;
				CLANG_WARN_SUSPICIOUS_MOVE = YES;
				CLANG_WARN_UNGUARDED_AVAILABILITY = YES_AGGRESSIVE;
				CLANG_WARN_UNREACHABLE_CODE = YES;
				CLANG_WARN__DUPLICATE_METHOD_MATCH = YES;
				CODE_SIGN_IDENTITY = "iPhone Developer";
				COPY_PHASE_STRIP = NO;
				DEBUG_INFORMATION_FORMAT = "dwarf-with-dsym";
				ENABLE_NS_ASSERTIONS = NO;
				ENABLE_STRICT_OBJC_MSGSEND = YES;
				GCC_C_LANGUAGE_STANDARD = gnu11;
				GCC_NO_COMMON_BLOCKS = YES;
				GCC_WARN_64_TO_32_BIT_CONVERSION = YES;
				GCC_WARN_ABOUT_RETURN_TYPE = YES_ERROR;
				GCC_WARN_UNDECLARED_SELECTOR = YES;
				GCC_WARN_UNINITIALIZED_AUTOS = YES_AGGRESSIVE;
				GCC_WARN_UNUSED_FUNCTION = YES;
				GCC_WARN_UNUSED_VARIABLE = YES;
				IPHONEOS_DEPLOYMENT_TARGET = 13.0;
				MTL_ENABLE_DEBUG_INFO = NO;
				MTL_FAST_MATH = YES;
				SDKROOT = iphoneos;
				SWIFT_COMPILATION_MODE = wholemodule;
				SWIFT_OPTIMIZATION_LEVEL = "-O";
				VALIDATE_PRODUCT = YES;
			};
			name = Release;
		};
		BBF40B6826E28A41003D1087 /* Debug */ = {
			isa = XCBuildConfiguration;
			buildSettings = {
				ASSETCATALOG_COMPILER_APPICON_NAME = AppIcon;
				CODE_SIGN_STYLE = Automatic;
				DEVELOPMENT_TEAM = RKV4UP49S6;
				INFOPLIST_FILE = "My Books/Info.plist";
				IPHONEOS_DEPLOYMENT_TARGET = 13.0;
				LD_RUNPATH_SEARCH_PATHS = (
					"$(inherited)",
					"@executable_path/Frameworks",
				);
				PRODUCT_BUNDLE_IDENTIFIER = "com.createchsol.My-Books";
				PRODUCT_NAME = "$(TARGET_NAME)";
				SWIFT_VERSION = 5.0;
				TARGETED_DEVICE_FAMILY = "1,2";
			};
			name = Debug;
		};
		BBF40B6926E28A41003D1087 /* Release */ = {
			isa = XCBuildConfiguration;
			buildSettings = {
				ASSETCATALOG_COMPILER_APPICON_NAME = AppIcon;
				CODE_SIGN_STYLE = Automatic;
				DEVELOPMENT_TEAM = RKV4UP49S6;
				INFOPLIST_FILE = "My Books/Info.plist";
				IPHONEOS_DEPLOYMENT_TARGET = 13.0;
				LD_RUNPATH_SEARCH_PATHS = (
					"$(inherited)",
					"@executable_path/Frameworks",
				);
				PRODUCT_BUNDLE_IDENTIFIER = "com.createchsol.My-Books";
				PRODUCT_NAME = "$(TARGET_NAME)";
				SWIFT_VERSION = 5.0;
				TARGETED_DEVICE_FAMILY = "1,2";
			};
			name = Release;
		};
/* End XCBuildConfiguration section */

/* Begin XCConfigurationList section */
		BBF40B5026E28A3E003D1087 /* Build configuration list for PBXProject "My Books" */ = {
			isa = XCConfigurationList;
			buildConfigurations = (
				BBF40B6526E28A41003D1087 /* Debug */,
				BBF40B6626E28A41003D1087 /* Release */,
			);
			defaultConfigurationIsVisible = 0;
			defaultConfigurationName = Release;
		};
		BBF40B6726E28A41003D1087 /* Build configuration list for PBXNativeTarget "My Books" */ = {
			isa = XCConfigurationList;
			buildConfigurations = (
				BBF40B6826E28A41003D1087 /* Debug */,
				BBF40B6926E28A41003D1087 /* Release */,
			);
			defaultConfigurationIsVisible = 0;
			defaultConfigurationName = Release;
		};
/* End XCConfigurationList section */
	};
	rootObject = BBF40B4D26E28A3E003D1087 /* Project object */;
}
